
Microsoft Visual Studio Solution File, Format Version 12.00
# Visual Studio Version 17
VisualStudioVersion = 17.5.33502.453
MinimumVisualStudioVersion = 10.0.40219.1
Project("{9A19103F-16F7-4668-BE54-9A1E7A4F7556}") = "HogWarp.Lib", "Lib\HogWarp.Lib.csproj", "{EAAEC67E-A75B-42CB-9870-395B295DE78F}"
EndProject
Project("{9A19103F-16F7-4668-BE54-9A1E7A4F7556}") = "HogWarp.Generator", "Generator\HogWarp.Generator.csproj", "{A44CB2BE-B7A6-4DC7-9E0B-2CEBBE2990D6}"
EndProject
Project("{9A19103F-16F7-4668-BE54-9A1E7A4F7556}") = "HogWarp.Loader", "Loader\HogWarp.Loader.csproj", "{B0641398-E97A-4A21-90F6-8EBBC0D082FB}"
EndProject
Project("{9A19103F-16F7-4668-BE54-9A1E7A4F7556}") = "Sample", "Sample\Sample.csproj", "{BD229250-BFBB-4396-8627-7E8577B076C2}"
EndProject
Project("{9A19103F-16F7-4668-BE54-9A1E7A4F7556}") = "BroomRacing", "BroomRacing\BroomRacing.csproj", "{6B4AAE9F-7291-4569-98B2-38FAB74E8B5F}"
EndProject
Global
	GlobalSection(SolutionConfigurationPlatforms) = preSolution
		Debug|Any CPU = Debug|Any CPU
		Release|Any CPU = Release|Any CPU
	EndGlobalSection
	GlobalSection(ProjectConfigurationPlatforms) = postSolution
		{EAAEC67E-A75B-42CB-9870-395B295DE78F}.Debug|Any CPU.ActiveCfg = Debug|Any CPU
		{EAAEC67E-A75B-42CB-9870-395B295DE78F}.Debug|Any CPU.Build.0 = Debug|Any CPU
		{EAAEC67E-A75B-42CB-9870-395B295DE78F}.Release|Any CPU.ActiveCfg = Release|Any CPU
		{EAAEC67E-A75B-42CB-9870-395B295DE78F}.Release|Any CPU.Build.0 = Release|Any CPU
		{A44CB2BE-B7A6-4DC7-9E0B-2CEBBE2990D6}.Debug|Any CPU.ActiveCfg = Debug|Any CPU
		{A44CB2BE-B7A6-4DC7-9E0B-2CEBBE2990D6}.Debug|Any CPU.Build.0 = Debug|Any CPU
		{A44CB2BE-B7A6-4DC7-9E0B-2CEBBE2990D6}.Release|Any CPU.ActiveCfg = Release|Any CPU
		{A44CB2BE-B7A6-4DC7-9E0B-2CEBBE2990D6}.Release|Any CPU.Build.0 = Release|Any CPU
		{B0641398-E97A-4A21-90F6-8EBBC0D082FB}.Debug|Any CPU.ActiveCfg = Debug|Any CPU
		{B0641398-E97A-4A21-90F6-8EBBC0D082FB}.Debug|Any CPU.Build.0 = Debug|Any CPU
		{B0641398-E97A-4A21-90F6-8EBBC0D082FB}.Release|Any CPU.ActiveCfg = Release|Any CPU
		{B0641398-E97A-4A21-90F6-8EBBC0D082FB}.Release|Any CPU.Build.0 = Release|Any CPU
		{BD229250-BFBB-4396-8627-7E8577B076C2}.Debug|Any CPU.ActiveCfg = Debug|Any CPU
		{BD229250-BFBB-4396-8627-7E8577B076C2}.Debug|Any CPU.Build.0 = Debug|Any CPU
		{BD229250-BFBB-4396-8627-7E8577B076C2}.Release|Any CPU.ActiveCfg = Release|Any CPU
		{BD229250-BFBB-4396-8627-7E8577B076C2}.Release|Any CPU.Build.0 = Release|Any CPU
		{6B4AAE9F-7291-4569-98B2-38FAB74E8B5F}.Debug|Any CPU.ActiveCfg = Debug|Any CPU
		{6B4AAE9F-7291-4569-98B2-38FAB74E8B5F}.Debug|Any CPU.Build.0 = Debug|Any CPU
		{6B4AAE9F-7291-4569-98B2-38FAB74E8B5F}.Release|Any CPU.ActiveCfg = Release|Any CPU
		{6B4AAE9F-7291-4569-98B2-38FAB74E8B5F}.Release|Any CPU.Build.0 = Release|Any CPU
	EndGlobalSection
	GlobalSection(SolutionProperties) = preSolution
		HideSolutionNode = FALSE
	EndGlobalSection
	GlobalSection(ExtensibilityGlobals) = postSolution
		SolutionGuid = {C2E8C086-B1BA-4F51-A863-8A721B31801E}
	EndGlobalSection
EndGlobal
